// !$*UTF8*$!
{
	archiveVersion = 1;
	classes = {
	};
	objectVersion = 46;
	objects = {

/* Begin PBXBuildFile section */
		1097565E1A86A1D000CA5453 /* main.m in Sources */ = {isa = PBXBuildFile; fileRef = 1097565D1A86A1D000CA5453 /* main.m */; };
		109756611A86A1D000CA5453 /* AppDelegate.m in Sources */ = {isa = PBXBuildFile; fileRef = 109756601A86A1D000CA5453 /* AppDelegate.m */; };
		109756641A86A1D000CA5453 /* ViewController.m in Sources */ = {isa = PBXBuildFile; fileRef = 109756631A86A1D000CA5453 /* ViewController.m */; };
		109756671A86A1D000CA5453 /* Main.storyboard in Resources */ = {isa = PBXBuildFile; fileRef = 109756651A86A1D000CA5453 /* Main.storyboard */; };
		109756691A86A1D000CA5453 /* Images.xcassets in Resources */ = {isa = PBXBuildFile; fileRef = 109756681A86A1D000CA5453 /* Images.xcassets */; };
		1097566C1A86A1D100CA5453 /* LaunchScreen.xib in Resources */ = {isa = PBXBuildFile; fileRef = 1097566A1A86A1D100CA5453 /* LaunchScreen.xib */; };
		109756781A86A1D100CA5453 /* userInterfaceTests.m in Sources */ = {isa = PBXBuildFile; fileRef = 109756771A86A1D100CA5453 /* userInterfaceTests.m */; };
/* End PBXBuildFile section */

/* Begin PBXContainerItemProxy section */
		109756721A86A1D100CA5453 /* PBXContainerItemProxy */ = {
			isa = PBXContainerItemProxy;
			containerPortal = 109756501A86A1CE00CA5453 /* Project object */;
			proxyType = 1;
			remoteGlobalIDString = 109756571A86A1CF00CA5453;
			remoteInfo = userInterface;
		};
/* End PBXContainerItemProxy section */

/* Begin PBXFileReference section */
		109756581A86A1CF00CA5453 /* userInterface.app */ = {isa = PBXFileReference; explicitFileType = wrapper.application; includeInIndex = 0; path = userInterface.app; sourceTree = BUILT_PRODUCTS_DIR; };
		1097565C1A86A1D000CA5453 /* Info.plist */ = {isa = PBXFileReference; lastKnownFileType = text.plist.xml; path = Info.plist; sourceTree = "<group>"; };
		1097565D1A86A1D000CA5453 /* main.m */ = {isa = PBXFileReference; lastKnownFileType = sourcecode.c.objc; path = main.m; sourceTree = "<group>"; };
		1097565F1A86A1D000CA5453 /* AppDelegate.h */ = {isa = PBXFileReference; lastKnownFileType = sourcecode.c.h; path = AppDelegate.h; sourceTree = "<group>"; };
		109756601A86A1D000CA5453 /* AppDelegate.m */ = {isa = PBXFileReference; lastKnownFileType = sourcecode.c.objc; path = AppDelegate.m; sourceTree = "<group>"; };
		109756621A86A1D000CA5453 /* ViewController.h */ = {isa = PBXFileReference; lastKnownFileType = sourcecode.c.h; path = ViewController.h; sourceTree = "<group>"; };
		109756631A86A1D000CA5453 /* ViewController.m */ = {isa = PBXFileReference; lastKnownFileType = sourcecode.c.objc; path = ViewController.m; sourceTree = "<group>"; };
		109756661A86A1D000CA5453 /* Base */ = {isa = PBXFileReference; lastKnownFileType = file.storyboard; name = Base; path = Base.lproj/Main.storyboard; sourceTree = "<group>"; };
		109756681A86A1D000CA5453 /* Images.xcassets */ = {isa = PBXFileReference; lastKnownFileType = folder.assetcatalog; path = Images.xcassets; sourceTree = "<group>"; };
		1097566B1A86A1D100CA5453 /* Base */ = {isa = PBXFileReference; lastKnownFileType = file.xib; name = Base; path = Base.lproj/LaunchScreen.xib; sourceTree = "<group>"; };
		109756711A86A1D100CA5453 /* userInterfaceTests.xctest */ = {isa = PBXFileReference; explicitFileType = wrapper.cfbundle; includeInIndex = 0; path = userInterfaceTests.xctest; sourceTree = BUILT_PRODUCTS_DIR; };
		109756761A86A1D100CA5453 /* Info.plist */ = {isa = PBXFileReference; lastKnownFileType = text.plist.xml; path = Info.plist; sourceTree = "<group>"; };
		109756771A86A1D100CA5453 /* userInterfaceTests.m */ = {isa = PBXFileReference; lastKnownFileType = sourcecode.c.objc; path = userInterfaceTests.m; sourceTree = "<group>"; };
/* End PBXFileReference section */

/* Begin PBXFrameworksBuildPhase section */
		109756551A86A1CF00CA5453 /* Frameworks */ = {
			isa = PBXFrameworksBuildPhase;
			buildActionMask = 2147483647;
			files = (
			);
			runOnlyForDeploymentPostprocessing = 0;
		};
		1097566E1A86A1D100CA5453 /* Frameworks */ = {
			isa = PBXFrameworksBuildPhase;
			buildActionMask = 2147483647;
			files = (
			);
			runOnlyForDeploymentPostprocessing = 0;
		};
/* End PBXFrameworksBuildPhase section */

/* Begin PBXGroup section */
		1097564F1A86A1CE00CA5453 = {
			isa = PBXGroup;
			children = (
				1097565A1A86A1D000CA5453 /* userInterface */,
				109756741A86A1D100CA5453 /* userInterfaceTests */,
				109756591A86A1CF00CA5453 /* Products */,
			);
			sourceTree = "<group>";
		};
		109756591A86A1CF00CA5453 /* Products */ = {
			isa = PBXGroup;
			children = (
				109756581A86A1CF00CA5453 /* userInterface.app */,
				109756711A86A1D100CA5453 /* userInterfaceTests.xctest */,
			);
			name = Products;
			sourceTree = "<group>";
		};
		1097565A1A86A1D000CA5453 /* userInterface */ = {
			isa = PBXGroup;
			children = (
				1097565F1A86A1D000CA5453 /* AppDelegate.h */,
				109756601A86A1D000CA5453 /* AppDelegate.m */,
				109756621A86A1D000CA5453 /* ViewController.h */,
				109756631A86A1D000CA5453 /* ViewController.m */,
				109756651A86A1D000CA5453 /* Main.storyboard */,
				109756681A86A1D000CA5453 /* Images.xcassets */,
				1097566A1A86A1D100CA5453 /* LaunchScreen.xib */,
				1097565B1A86A1D000CA5453 /* Supporting Files */,
			);
			path = userInterface;
			sourceTree = "<group>";
		};
		1097565B1A86A1D000CA5453 /* Supporting Files */ = {
			isa = PBXGroup;
			children = (
				1097565C1A86A1D000CA5453 /* Info.plist */,
				1097565D1A86A1D000CA5453 /* main.m */,
			);
			name = "Supporting Files";
			sourceTree = "<group>";
		};
		109756741A86A1D100CA5453 /* userInterfaceTests */ = {
			isa = PBXGroup;
			children = (
				109756771A86A1D100CA5453 /* userInterfaceTests.m */,
				109756751A86A1D100CA5453 /* Supporting Files */,
			);
			path = userInterfaceTests;
			sourceTree = "<group>";
		};
		109756751A86A1D100CA5453 /* Supporting Files */ = {
			isa = PBXGroup;
			children = (
				109756761A86A1D100CA5453 /* Info.plist */,
			);
			name = "Supporting Files";
			sourceTree = "<group>";
		};
/* End PBXGroup section */

/* Begin PBXNativeTarget section */
		109756571A86A1CF00CA5453 /* userInterface */ = {
			isa = PBXNativeTarget;
			buildConfigurationList = 1097567B1A86A1D100CA5453 /* Build configuration list for PBXNativeTarget "userInterface" */;
			buildPhases = (
				109756541A86A1CF00CA5453 /* Sources */,
				109756551A86A1CF00CA5453 /* Frameworks */,
				109756561A86A1CF00CA5453 /* Resources */,
			);
			buildRules = (
			);
			dependencies = (
			);
			name = userInterface;
			productName = userInterface;
			productReference = 109756581A86A1CF00CA5453 /* userInterface.app */;
			productType = "com.apple.product-type.application";
		};
		109756701A86A1D100CA5453 /* userInterfaceTests */ = {
			isa = PBXNativeTarget;
			buildConfigurationList = 1097567E1A86A1D100CA5453 /* Build configuration list for PBXNativeTarget "userInterfaceTests" */;
			buildPhases = (
				1097566D1A86A1D100CA5453 /* Sources */,
				1097566E1A86A1D100CA5453 /* Frameworks */,
				1097566F1A86A1D100CA5453 /* Resources */,
			);
			buildRules = (
			);
			dependencies = (
				109756731A86A1D100CA5453 /* PBXTargetDependency */,
			);
			name = userInterfaceTests;
			productName = userInterfaceTests;
			productReference = 109756711A86A1D100CA5453 /* userInterfaceTests.xctest */;
			productType = "com.apple.product-type.bundle.unit-test";
		};
/* End PBXNativeTarget section */

/* Begin PBXProject section */
		109756501A86A1CE00CA5453 /* Project object */ = {
			isa = PBXProject;
			attributes = {
				LastUpgradeCheck = 0610;
				ORGANIZATIONNAME = "Nataly Moreno";
				TargetAttributes = {
					109756571A86A1CF00CA5453 = {
						CreatedOnToolsVersion = 6.1.1;
					};
					109756701A86A1D100CA5453 = {
						CreatedOnToolsVersion = 6.1.1;
						TestTargetID = 109756571A86A1CF00CA5453;
					};
				};
			};
			buildConfigurationList = 109756531A86A1CF00CA5453 /* Build configuration list for PBXProject "userInterface" */;
			compatibilityVersion = "Xcode 3.2";
			developmentRegion = English;
			hasScannedForEncodings = 0;
			knownRegions = (
				en,
				Base,
			);
			mainGroup = 1097564F1A86A1CE00CA5453;
			productRefGroup = 109756591A86A1CF00CA5453 /* Products */;
			projectDirPath = "";
			projectRoot = "";
			targets = (
				109756571A86A1CF00CA5453 /* userInterface */,
				109756701A86A1D100CA5453 /* userInterfaceTests */,
			);
		};
/* End PBXProject section */

/* Begin PBXResourcesBuildPhase section */
		109756561A86A1CF00CA5453 /* Resources */ = {
			isa = PBXResourcesBuildPhase;
			buildActionMask = 2147483647;
			files = (
				109756671A86A1D000CA5453 /* Main.storyboard in Resources */,
				1097566C1A86A1D100CA5453 /* LaunchScreen.xib in Resources */,
				109756691A86A1D000CA5453 /* Images.xcassets in Resources */,
			);
			runOnlyForDeploymentPostprocessing = 0;
		};
		1097566F1A86A1D100CA5453 /* Resources */ = {
			isa = PBXResourcesBuildPhase;
			buildActionMask = 2147483647;
			files = (
			);
			runOnlyForDeploymentPostprocessing = 0;
		};
/* End PBXResourcesBuildPhase section */

/* Begin PBXSourcesBuildPhase section */
		109756541A86A1CF00CA5453 /* Sources */ = {
			isa = PBXSourcesBuildPhase;
			buildActionMask = 2147483647;
			files = (
				109756641A86A1D000CA5453 /* ViewController.m in Sources */,
				109756611A86A1D000CA5453 /* AppDelegate.m in Sources */,
				1097565E1A86A1D000CA5453 /* main.m in Sources */,
			);
			runOnlyForDeploymentPostprocessing = 0;
		};
		1097566D1A86A1D100CA5453 /* Sources */ = {
			isa = PBXSourcesBuildPhase;
			buildActionMask = 2147483647;
			files = (
				109756781A86A1D100CA5453 /* userInterfaceTests.m in Sources */,
			);
			runOnlyForDeploymentPostprocessing = 0;
		};
/* End PBXSourcesBuildPhase section */

/* Begin PBXTargetDependency section */
		109756731A86A1D100CA5453 /* PBXTargetDependency */ = {
			isa = PBXTargetDependency;
			target = 109756571A86A1CF00CA5453 /* userInterface */;
			targetProxy = 109756721A86A1D100CA5453 /* PBXContainerItemProxy */;
		};
/* End PBXTargetDependency section */

/* Begin PBXVariantGroup section */
		109756651A86A1D000CA5453 /* Main.storyboard */ = {
			isa = PBXVariantGroup;
			children = (
				109756661A86A1D000CA5453 /* Base */,
			);
			name = Main.storyboard;
			sourceTree = "<group>";
		};
		1097566A1A86A1D100CA5453 /* LaunchScreen.xib */ = {
			isa = PBXVariantGroup;
			children = (
				1097566B1A86A1D100CA5453 /* Base */,
			);
			name = LaunchScreen.xib;
			sourceTree = "<group>";
		};
/* End PBXVariantGroup section */

/* Begin XCBuildConfiguration section */
		109756791A86A1D100CA5453 /* Debug */ = {
			isa = XCBuildConfiguration;
			buildSettings = {
				ALWAYS_SEARCH_USER_PATHS = NO;
				CLANG_CXX_LANGUAGE_STANDARD = "gnu++0x";
				CLANG_CXX_LIBRARY = "libc++";
				CLANG_ENABLE_MODULES = YES;
				CLANG_ENABLE_OBJC_ARC = YES;
				CLANG_WARN_BOOL_CONVERSION = YES;
				CLANG_WARN_CONSTANT_CONVERSION = YES;
				CLANG_WARN_DIRECT_OBJC_ISA_USAGE = YES_ERROR;
				CLANG_WARN_EMPTY_BODY = YES;
				CLANG_WARN_ENUM_CONVERSION = YES;
				CLANG_WARN_INT_CONVERSION = YES;
				CLANG_WARN_OBJC_ROOT_CLASS = YES_ERROR;
				CLANG_WARN_UNREACHABLE_CODE = YES;
				CLANG_WARN__DUPLICATE_METHOD_MATCH = YES;
				"CODE_SIGN_IDENTITY[sdk=iphoneos*]" = "iPhone Developer";
				COPY_PHASE_STRIP = NO;
				ENABLE_STRICT_OBJC_MSGSEND = YES;
				GCC_C_LANGUAGE_STANDARD = gnu99;
				GCC_DYNAMIC_NO_PIC = NO;
				GCC_OPTIMIZATION_LEVEL = 0;
				GCC_PREPROCESSOR_DEFINITIONS = (
					"DEBUG=1",
					"$(inherited)",
				);
				GCC_SYMBOLS_PRIVATE_EXTERN = NO;
				GCC_WARN_64_TO_32_BIT_CONVERSION = YES;
				GCC_WARN_ABOUT_RETURN_TYPE = YES_ERROR;
				GCC_WARN_UNDECLARED_SELECTOR = YES;
				GCC_WARN_UNINITIALIZED_AUTOS = YES_AGGRESSIVE;
				GCC_WARN_UNUSED_FUNCTION = YES;
				GCC_WARN_UNUSED_VARIABLE = YES;
				IPHONEOS_DEPLOYMENT_TARGET = 8.1;
				MTL_ENABLE_DEBUG_INFO = YES;
				ONLY_ACTIVE_ARCH = YES;
				SDKROOT = iphoneos;
				TARGETED_DEVICE_FAMILY = "1,2";
			};
			name = Debug;
		};
		1097567A1A86A1D100CA5453 /* Release */ = {
			isa = XCBuildConfiguration;
			buildSettings = {
				ALWAYS_SEARCH_USER_PATHS = NO;
				CLANG_CXX_LANGUAGE_STANDARD = "gnu++0x";
				CLANG_CXX_LIBRARY = "libc++";
				CLANG_ENABLE_MODULES = YES;
				CLANG_ENABLE_OBJC_ARC = YES;
				CLANG_WARN_BOOL_CONVERSION = YES;
				CLANG_WARN_CONSTANT_CONVERSION = YES;
				CLANG_WARN_DIRECT_OBJC_ISA_USAGE = YES_ERROR;
				CLANG_WARN_EMPTY_BODY = YES;
				CLANG_WARN_ENUM_CONVERSION = YES;
				CLANG_WARN_INT_CONVERSION = YES;
				CLANG_WARN_OBJC_ROOT_CLASS = YES_ERROR;
				CLANG_WARN_UNREACHABLE_CODE = YES;
				CLANG_WARN__DUPLICATE_METHOD_MATCH = YES;
				"CODE_SIGN_IDENTITY[sdk=iphoneos*]" = "iPhone Developer";
				COPY_PHASE_STRIP = YES;
				ENABLE_NS_ASSERTIONS = NO;
				ENABLE_STRICT_OBJC_MSGSEND = YES;
				GCC_C_LANGUAGE_STANDARD = gnu99;
				GCC_WARN_64_TO_32_BIT_CONVERSION = YES;
				GCC_WARN_ABOUT_RETURN_TYPE = YES_ERROR;
				GCC_WARN_UNDECLARED_SELECTOR = YES;
				GCC_WARN_UNINITIALIZED_AUTOS = YES_AGGRESSIVE;
				GCC_WARN_UNUSED_FUNCTION = YES;
				GCC_WARN_UNUSED_VARIABLE = YES;
				IPHONEOS_DEPLOYMENT_TARGET = 8.1;
				MTL_ENABLE_DEBUG_INFO = NO;
				SDKROOT = iphoneos;
				TARGETED_DEVICE_FAMILY = "1,2";
				VALIDATE_PRODUCT = YES;
			};
			name = Release;
		};
		1097567C1A86A1D100CA5453 /* Debug */ = {
			isa = XCBuildConfiguration;
			buildSettings = {
				ASSETCATALOG_COMPILER_APPICON_NAME = AppIcon;
				INFOPLIST_FILE = userInterface/Info.plist;
				LD_RUNPATH_SEARCH_PATHS = "$(inherited) @executable_path/Frameworks";
				PRODUCT_NAME = "$(TARGET_NAME)";
			};
			name = Debug;
		};
		1097567D1A86A1D100CA5453 /* Release */ = {
			isa = XCBuildConfiguration;
			buildSettings = {
				ASSETCATALOG_COMPILER_APPICON_NAME = AppIcon;
				INFOPLIST_FILE = userInterface/Info.plist;
				LD_RUNPATH_SEARCH_PATHS = "$(inherited) @executable_path/Frameworks";
				PRODUCT_NAME = "$(TARGET_NAME)";
			};
			name = Release;
		};
		1097567F1A86A1D100CA5453 /* Debug */ = {
			isa = XCBuildConfiguration;
			buildSettings = {
				BUNDLE_LOADER = "$(TEST_HOST)";
				FRAMEWORK_SEARCH_PATHS = (
					"$(SDKROOT)/Developer/Library/Frameworks",
					"$(inherited)",
				);
				GCC_PREPROCESSOR_DEFINITIONS = (
					"DEBUG=1",
					"$(inherited)",
				);
				INFOPLIST_FILE = userInterfaceTests/Info.plist;
				LD_RUNPATH_SEARCH_PATHS = "$(inherited) @executable_path/Frameworks @loader_path/Frameworks";
				PRODUCT_NAME = "$(TARGET_NAME)";
				TEST_HOST = "$(BUILT_PRODUCTS_DIR)/userInterface.app/userInterface";
			};
			name = Debug;
		};
		109756801A86A1D100CA5453 /* Release */ = {
			isa = XCBuildConfiguration;
			buildSettings = {
				BUNDLE_LOADER = "$(TEST_HOST)";
				FRAMEWORK_SEARCH_PATHS = (
					"$(SDKROOT)/Developer/Library/Frameworks",
					"$(inherited)",
				);
				INFOPLIST_FILE = userInterfaceTests/Info.plist;
				LD_RUNPATH_SEARCH_PATHS = "$(inherited) @executable_path/Frameworks @loader_path/Frameworks";
				PRODUCT_NAME = "$(TARGET_NAME)";
				TEST_HOST = "$(BUILT_PRODUCTS_DIR)/userInterface.app/userInterface";
			};
			name = Release;
		};
/* End XCBuildConfiguration section */

/* Begin XCConfigurationList section */
		109756531A86A1CF00CA5453 /* Build configuration list for PBXProject "userInterface" */ = {
			isa = XCConfigurationList;
			buildConfigurations = (
				109756791A86A1D100CA5453 /* Debug */,
				1097567A1A86A1D100CA5453 /* Release */,
			);
			defaultConfigurationIsVisible = 0;
			defaultConfigurationName = Release;
		};
		1097567B1A86A1D100CA5453 /* Build configuration list for PBXNativeTarget "userInterface" */ = {
			isa = XCConfigurationList;
			buildConfigurations = (
				1097567C1A86A1D100CA5453 /* Debug */,
				1097567D1A86A1D100CA5453 /* Release */,
			);
			defaultConfigurationIsVisible = 0;
		};
		1097567E1A86A1D100CA5453 /* Build configuration list for PBXNativeTarget "userInterfaceTests" */ = {
			isa = XCConfigurationList;
			buildConfigurations = (
				1097567F1A86A1D100CA5453 /* Debug */,
				109756801A86A1D100CA5453 /* Release */,
			);
			defaultConfigurationIsVisible = 0;
		};
/* End XCConfigurationList section */
	};
	rootObject = 109756501A86A1CE00CA5453 /* Project object */;
}
